// !$*UTF8*$!
{
	archiveVersion = 1;
	classes = {
	};
	objectVersion = 77;
	objects = {

/* Begin PBXBuildFile section */
		DC7824A22E2BAE8300497BF4 /* dutch_vocabulary_complete.json in Resources */ = {isa = PBXBuildFile; fileRef = DC7824A12E2BAE8300497BF4 /* dutch_vocabulary_complete.json */; };
		DC7824A32E2BAE8300497BF4 /* dutch_vocabulary_complete.json in Resources */ = {isa = PBXBuildFile; fileRef = DC7824A12E2BAE8300497BF4 /* dutch_vocabulary_complete.json */; };
		DC7C27332E02FEF20089C13B /* Begin.wav in Resources */ = {isa = PBXBuildFile; fileRef = DC7C27322E02FEF20089C13B /* Begin.wav */; };
		DC7C27362E03014C0089C13B /* Correct.wav in Resources */ = {isa = PBXBuildFile; fileRef = DC7C27342E03014C0089C13B /* Correct.wav */; };
		DC7C27372E03014C0089C13B /* Wrong.wav in Resources */ = {isa = PBXBuildFile; fileRef = DC7C27352E03014C0089C13B /* Wrong.wav */; };
		DC7C273A2E0304560089C13B /* Complete.wav in Resources */ = {isa = PBXBuildFile; fileRef = DC7C27382E0304560089C13B /* Complete.wav */; };
		DC7C273B2E0304560089C13B /* Game.wav in Resources */ = {isa = PBXBuildFile; fileRef = DC7C27392E0304560089C13B /* Game.wav */; };
		DC837CBD2E21585A00F8A51E /* Correct.wav in Resources */ = {isa = PBXBuildFile; fileRef = DC7C27342E03014C0089C13B /* Correct.wav */; };
		DC837CBE2E21585A00F8A51E /* Wrong.wav in Resources */ = {isa = PBXBuildFile; fileRef = DC7C27352E03014C0089C13B /* Wrong.wav */; };
		DC837CBF2E21585A00F8A51E /* Begin.wav in Resources */ = {isa = PBXBuildFile; fileRef = DC7C27322E02FEF20089C13B /* Begin.wav */; };
		DC837CC02E21585A00F8A51E /* Complete.wav in Resources */ = {isa = PBXBuildFile; fileRef = DC7C27382E0304560089C13B /* Complete.wav */; };
		DC837CC12E21585A00F8A51E /* Game.wav in Resources */ = {isa = PBXBuildFile; fileRef = DC7C27392E0304560089C13B /* Game.wav */; };
/* End PBXBuildFile section */

/* Begin PBXContainerItemProxy section */
		0A780FAC2DF0528700F71F44 /* PBXContainerItemProxy */ = {
			isa = PBXContainerItemProxy;
			containerPortal = 0A780F962DF0528600F71F44 /* Project object */;
			proxyType = 1;
			remoteGlobalIDString = 0A780F9D2DF0528600F71F44;
			remoteInfo = FlashCard;
		};
		0A780FB62DF0528700F71F44 /* PBXContainerItemProxy */ = {
			isa = PBXContainerItemProxy;
			containerPortal = 0A780F962DF0528600F71F44 /* Project object */;
			proxyType = 1;
			remoteGlobalIDString = 0A780F9D2DF0528600F71F44;
			remoteInfo = FlashCard;
		};
/* End PBXContainerItemProxy section */

/* Begin PBXFileReference section */
		0A780F9E2DF0528600F71F44 /* FlashCard.app */ = {isa = PBXFileReference; explicitFileType = wrapper.application; includeInIndex = 0; path = FlashCard.app; sourceTree = BUILT_PRODUCTS_DIR; };
		0A780FAB2DF0528700F71F44 /* FlashCardTests.xctest */ = {isa = PBXFileReference; explicitFileType = wrapper.cfbundle; includeInIndex = 0; path = FlashCardTests.xctest; sourceTree = BUILT_PRODUCTS_DIR; };
		0A780FB52DF0528700F71F44 /* FlashCardUITests.xctest */ = {isa = PBXFileReference; explicitFileType = wrapper.cfbundle; includeInIndex = 0; path = FlashCardUITests.xctest; sourceTree = BUILT_PRODUCTS_DIR; };
		DC7824A12E2BAE8300497BF4 /* dutch_vocabulary_complete.json */ = {isa = PBXFileReference; lastKnownFileType = text.json; path = dutch_vocabulary_complete.json; sourceTree = "<group>"; };
		DC7C27322E02FEF20089C13B /* Begin.wav */ = {isa = PBXFileReference; lastKnownFileType = audio.wav; path = Begin.wav; sourceTree = "<group>"; };
		DC7C27342E03014C0089C13B /* Correct.wav */ = {isa = PBXFileReference; lastKnownFileType = audio.wav; path = Correct.wav; sourceTree = "<group>"; };
		DC7C27352E03014C0089C13B /* Wrong.wav */ = {isa = PBXFileReference; lastKnownFileType = audio.wav; path = Wrong.wav; sourceTree = "<group>"; };
		DC7C27382E0304560089C13B /* Complete.wav */ = {isa = PBXFileReference; lastKnownFileType = audio.wav; path = Complete.wav; sourceTree = "<group>"; };
		DC7C27392E0304560089C13B /* Game.wav */ = {isa = PBXFileReference; lastKnownFileType = audio.wav; path = Game.wav; sourceTree = "<group>"; };
		DC837CC52E21585A00F8A51E /* Taal Trek Lite.app */ = {isa = PBXFileReference; explicitFileType = wrapper.application; includeInIndex = 0; path = "Taal Trek Lite.app"; sourceTree = BUILT_PRODUCTS_DIR; };
/* End PBXFileReference section */

/* Begin PBXFileSystemSynchronizedBuildFileExceptionSet section */
		DC837CC62E21585A00F8A51E /* Exceptions for "FlashCard" folder in "Taal Trek Lite" target */ = {
			isa = PBXFileSystemSynchronizedBuildFileExceptionSet;
			membershipExceptions = (
				Info.plist.backup,
				Info.plist.reference,
				Resources/BUBBLE_WORD_README.md,
				Resources/README.md,
			);
			target = DC837CB92E21585A00F8A51E /* Taal Trek Lite */;
		};
/* End PBXFileSystemSynchronizedBuildFileExceptionSet section */

/* Begin PBXFileSystemSynchronizedRootGroup section */
		0A780FA02DF0528600F71F44 /* FlashCard */ = {
			isa = PBXFileSystemSynchronizedRootGroup;
			exceptions = (
				DC837CC62E21585A00F8A51E /* Exceptions for "FlashCard" folder in "Taal Trek Lite" target */,
			);
			path = FlashCard;
			sourceTree = "<group>";
		};
		0A780FAE2DF0528700F71F44 /* FlashCardTests */ = {
			isa = PBXFileSystemSynchronizedRootGroup;
			path = FlashCardTests;
			sourceTree = "<group>";
		};
		0A780FB82DF0528700F71F44 /* FlashCardUITests */ = {
			isa = PBXFileSystemSynchronizedRootGroup;
			path = FlashCardUITests;
			sourceTree = "<group>";
		};
/* End PBXFileSystemSynchronizedRootGroup section */

/* Begin PBXFrameworksBuildPhase section */
		0A780F9B2DF0528600F71F44 /* Frameworks */ = {
			isa = PBXFrameworksBuildPhase;
			buildActionMask = 2147483647;
			files = (
			);
			runOnlyForDeploymentPostprocessing = 0;
		};
		0A780FA82DF0528700F71F44 /* Frameworks */ = {
			isa = PBXFrameworksBuildPhase;
			buildActionMask = 2147483647;
			files = (
			);
			runOnlyForDeploymentPostprocessing = 0;
		};
		0A780FB22DF0528700F71F44 /* Frameworks */ = {
			isa = PBXFrameworksBuildPhase;
			buildActionMask = 2147483647;
			files = (
			);
			runOnlyForDeploymentPostprocessing = 0;
		};
		DC837CBB2E21585A00F8A51E /* Frameworks */ = {
			isa = PBXFrameworksBuildPhase;
			buildActionMask = 2147483647;
			files = (
			);
			runOnlyForDeploymentPostprocessing = 0;
		};
/* End PBXFrameworksBuildPhase section */

/* Begin PBXGroup section */
		0A780F952DF0528600F71F44 = {
			isa = PBXGroup;
			children = (
				DC7824A12E2BAE8300497BF4 /* dutch_vocabulary_complete.json */,
				DC7C27382E0304560089C13B /* Complete.wav */,
				DC7C27392E0304560089C13B /* Game.wav */,
				DC7C27342E03014C0089C13B /* Correct.wav */,
				DC7C27352E03014C0089C13B /* Wrong.wav */,
				DC7C27322E02FEF20089C13B /* Begin.wav */,
				0A780FA02DF0528600F71F44 /* FlashCard */,
				0A780FAE2DF0528700F71F44 /* FlashCardTests */,
				0A780FB82DF0528700F71F44 /* FlashCardUITests */,
				0A780F9F2DF0528600F71F44 /* Products */,
			);
			sourceTree = "<group>";
		};
		0A780F9F2DF0528600F71F44 /* Products */ = {
			isa = PBXGroup;
			children = (
				0A780F9E2DF0528600F71F44 /* FlashCard.app */,
				0A780FAB2DF0528700F71F44 /* FlashCardTests.xctest */,
				0A780FB52DF0528700F71F44 /* FlashCardUITests.xctest */,
				DC837CC52E21585A00F8A51E /* Taal Trek Lite.app */,
			);
			name = Products;
			sourceTree = "<group>";
		};
/* End PBXGroup section */

/* Begin PBXNativeTarget section */
		0A780F9D2DF0528600F71F44 /* FlashCard */ = {
			isa = PBXNativeTarget;
			buildConfigurationList = 0A780FBF2DF0528700F71F44 /* Build configuration list for PBXNativeTarget "FlashCard" */;
			buildPhases = (
				0A780F9A2DF0528600F71F44 /* Sources */,
				0A780F9B2DF0528600F71F44 /* Frameworks */,
				0A780F9C2DF0528600F71F44 /* Resources */,
			);
			buildRules = (
			);
			dependencies = (
			);
			fileSystemSynchronizedGroups = (
				0A780FA02DF0528600F71F44 /* FlashCard */,
			);
			name = FlashCard;
			packageProductDependencies = (
			);
			productName = FlashCard;
			productReference = 0A780F9E2DF0528600F71F44 /* FlashCard.app */;
			productType = "com.apple.product-type.application";
		};
		0A780FAA2DF0528700F71F44 /* FlashCardTests */ = {
			isa = PBXNativeTarget;
			buildConfigurationList = 0A780FC22DF0528700F71F44 /* Build configuration list for PBXNativeTarget "FlashCardTests" */;
			buildPhases = (
				0A780FA72DF0528700F71F44 /* Sources */,
				0A780FA82DF0528700F71F44 /* Frameworks */,
				0A780FA92DF0528700F71F44 /* Resources */,
			);
			buildRules = (
			);
			dependencies = (
				0A780FAD2DF0528700F71F44 /* PBXTargetDependency */,
			);
			fileSystemSynchronizedGroups = (
				0A780FAE2DF0528700F71F44 /* FlashCardTests */,
			);
			name = FlashCardTests;
			packageProductDependencies = (
			);
			productName = FlashCardTests;
			productReference = 0A780FAB2DF0528700F71F44 /* FlashCardTests.xctest */;
			productType = "com.apple.product-type.bundle.unit-test";
		};
		0A780FB42DF0528700F71F44 /* FlashCardUITests */ = {
			isa = PBXNativeTarget;
			buildConfigurationList = 0A780FC52DF0528700F71F44 /* Build configuration list for PBXNativeTarget "FlashCardUITests" */;
			buildPhases = (
				0A780FB12DF0528700F71F44 /* Sources */,
				0A780FB22DF0528700F71F44 /* Frameworks */,
				0A780FB32DF0528700F71F44 /* Resources */,
			);
			buildRules = (
			);
			dependencies = (
				0A780FB72DF0528700F71F44 /* PBXTargetDependency */,
			);
			fileSystemSynchronizedGroups = (
				0A780FB82DF0528700F71F44 /* FlashCardUITests */,
			);
			name = FlashCardUITests;
			packageProductDependencies = (
			);
			productName = FlashCardUITests;
			productReference = 0A780FB52DF0528700F71F44 /* FlashCardUITests.xctest */;
			productType = "com.apple.product-type.bundle.ui-testing";
		};
		DC837CB92E21585A00F8A51E /* Taal Trek Lite */ = {
			isa = PBXNativeTarget;
			buildConfigurationList = DC837CC22E21585A00F8A51E /* Build configuration list for PBXNativeTarget "Taal Trek Lite" */;
			buildPhases = (
				DC837CBA2E21585A00F8A51E /* Sources */,
				DC837CBB2E21585A00F8A51E /* Frameworks */,
				DC837CBC2E21585A00F8A51E /* Resources */,
			);
			buildRules = (
			);
			dependencies = (
			);
			fileSystemSynchronizedGroups = (
				0A780FA02DF0528600F71F44 /* FlashCard */,
			);
			name = "Taal Trek Lite";
			packageProductDependencies = (
			);
			productName = FlashCard;
			productReference = DC837CC52E21585A00F8A51E /* Taal Trek Lite.app */;
			productType = "com.apple.product-type.application";
		};
/* End PBXNativeTarget section */

/* Begin PBXProject section */
		0A780F962DF0528600F71F44 /* Project object */ = {
			isa = PBXProject;
			attributes = {
				BuildIndependentTargetsInParallel = 1;
				LastSwiftUpdateCheck = 1640;
				LastUpgradeCheck = 1640;
				TargetAttributes = {
					0A780F9D2DF0528600F71F44 = {
						CreatedOnToolsVersion = 16.4;
					};
					0A780FAA2DF0528700F71F44 = {
						CreatedOnToolsVersion = 16.4;
						TestTargetID = 0A780F9D2DF0528600F71F44;
					};
					0A780FB42DF0528700F71F44 = {
						CreatedOnToolsVersion = 16.4;
						TestTargetID = 0A780F9D2DF0528600F71F44;
					};
				};
			};
			buildConfigurationList = 0A780F992DF0528600F71F44 /* Build configuration list for PBXProject "FlashCard" */;
			developmentRegion = en;
			hasScannedForEncodings = 0;
			knownRegions = (
				en,
				Base,
			);
			mainGroup = 0A780F952DF0528600F71F44;
			minimizedProjectReferenceProxies = 1;
			preferredProjectObjectVersion = 77;
			productRefGroup = 0A780F9F2DF0528600F71F44 /* Products */;
			projectDirPath = "";
			projectRoot = "";
			targets = (
				0A780F9D2DF0528600F71F44 /* FlashCard */,
				0A780FAA2DF0528700F71F44 /* FlashCardTests */,
				0A780FB42DF0528700F71F44 /* FlashCardUITests */,
				DC837CB92E21585A00F8A51E /* Taal Trek Lite */,
			);
		};
/* End PBXProject section */

/* Begin PBXResourcesBuildPhase section */
		0A780F9C2DF0528600F71F44 /* Resources */ = {
			isa = PBXResourcesBuildPhase;
			buildActionMask = 2147483647;
			files = (
				DC7C27362E03014C0089C13B /* Correct.wav in Resources */,
				DC7824A22E2BAE8300497BF4 /* dutch_vocabulary_complete.json in Resources */,
				DC7C27372E03014C0089C13B /* Wrong.wav in Resources */,
				DC7C27332E02FEF20089C13B /* Begin.wav in Resources */,
				DC7C273A2E0304560089C13B /* Complete.wav in Resources */,
				DC7C273B2E0304560089C13B /* Game.wav in Resources */,
			);
			runOnlyForDeploymentPostprocessing = 0;
		};
		0A780FA92DF0528700F71F44 /* Resources */ = {
			isa = PBXResourcesBuildPhase;
			buildActionMask = 2147483647;
			files = (
			);
			runOnlyForDeploymentPostprocessing = 0;
		};
		0A780FB32DF0528700F71F44 /* Resources */ = {
			isa = PBXResourcesBuildPhase;
			buildActionMask = 2147483647;
			files = (
			);
			runOnlyForDeploymentPostprocessing = 0;
		};
		DC837CBC2E21585A00F8A51E /* Resources */ = {
			isa = PBXResourcesBuildPhase;
			buildActionMask = 2147483647;
			files = (
				DC837CBD2E21585A00F8A51E /* Correct.wav in Resources */,
				DC837CBE2E21585A00F8A51E /* Wrong.wav in Resources */,
				DC7824A32E2BAE8300497BF4 /* dutch_vocabulary_complete.json in Resources */,
				DC837CBF2E21585A00F8A51E /* Begin.wav in Resources */,
				DC837CC02E21585A00F8A51E /* Complete.wav in Resources */,
				DC837CC12E21585A00F8A51E /* Game.wav in Resources */,
			);
			runOnlyForDeploymentPostprocessing = 0;
		};
/* End PBXResourcesBuildPhase section */

/* Begin PBXSourcesBuildPhase section */
		0A780F9A2DF0528600F71F44 /* Sources */ = {
			isa = PBXSourcesBuildPhase;
			buildActionMask = 2147483647;
			files = (
			);
			runOnlyForDeploymentPostprocessing = 0;
		};
		0A780FA72DF0528700F71F44 /* Sources */ = {
			isa = PBXSourcesBuildPhase;
			buildActionMask = 2147483647;
			files = (
			);
			runOnlyForDeploymentPostprocessing = 0;
		};
		0A780FB12DF0528700F71F44 /* Sources */ = {
			isa = PBXSourcesBuildPhase;
			buildActionMask = 2147483647;
			files = (
			);
			runOnlyForDeploymentPostprocessing = 0;
		};
		DC837CBA2E21585A00F8A51E /* Sources */ = {
			isa = PBXSourcesBuildPhase;
			buildActionMask = 2147483647;
			files = (
			);
			runOnlyForDeploymentPostprocessing = 0;
		};
/* End PBXSourcesBuildPhase section */

/* Begin PBXTargetDependency section */
		0A780FAD2DF0528700F71F44 /* PBXTargetDependency */ = {
			isa = PBXTargetDependency;
			target = 0A780F9D2DF0528600F71F44 /* FlashCard */;
			targetProxy = 0A780FAC2DF0528700F71F44 /* PBXContainerItemProxy */;
		};
		0A780FB72DF0528700F71F44 /* PBXTargetDependency */ = {
			isa = PBXTargetDependency;
			target = 0A780F9D2DF0528600F71F44 /* FlashCard */;
			targetProxy = 0A780FB62DF0528700F71F44 /* PBXContainerItemProxy */;
		};
/* End PBXTargetDependency section */

/* Begin XCBuildConfiguration section */
		0A780FBD2DF0528700F71F44 /* Debug */ = {
			isa = XCBuildConfiguration;
			buildSettings = {
				ALWAYS_SEARCH_USER_PATHS = NO;
				ASSETCATALOG_COMPILER_GENERATE_SWIFT_ASSET_SYMBOL_EXTENSIONS = YES;
				CLANG_ANALYZER_NONNULL = YES;
				CLANG_ANALYZER_NUMBER_OBJECT_CONVERSION = YES_AGGRESSIVE;
				CLANG_CXX_LANGUAGE_STANDARD = "gnu++20";
				CLANG_ENABLE_MODULES = YES;
				CLANG_ENABLE_OBJC_ARC = YES;
				CLANG_ENABLE_OBJC_WEAK = YES;
				CLANG_WARN_BLOCK_CAPTURE_AUTORELEASING = YES;
				CLANG_WARN_BOOL_CONVERSION = YES;
				CLANG_WARN_COMMA = YES;
				CLANG_WARN_CONSTANT_CONVERSION = YES;
				CLANG_WARN_DEPRECATED_OBJC_IMPLEMENTATIONS = YES;
				CLANG_WARN_DIRECT_OBJC_ISA_USAGE = YES_ERROR;
				CLANG_WARN_DOCUMENTATION_COMMENTS = YES;
				CLANG_WARN_EMPTY_BODY = YES;
				CLANG_WARN_ENUM_CONVERSION = YES;
				CLANG_WARN_INFINITE_RECURSION = YES;
				CLANG_WARN_INT_CONVERSION = YES;
				CLANG_WARN_NON_LITERAL_NULL_CONVERSION = YES;
				CLANG_WARN_OBJC_IMPLICIT_RETAIN_SELF = YES;
				CLANG_WARN_OBJC_LITERAL_CONVERSION = YES;
				CLANG_WARN_OBJC_ROOT_CLASS = YES_ERROR;
				CLANG_WARN_QUOTED_INCLUDE_IN_FRAMEWORK_HEADER = YES;
				CLANG_WARN_RANGE_LOOP_ANALYSIS = YES;
				CLANG_WARN_STRICT_PROTOTYPES = YES;
				CLANG_WARN_SUSPICIOUS_MOVE = YES;
				CLANG_WARN_UNGUARDED_AVAILABILITY = YES_AGGRESSIVE;
				CLANG_WARN_UNREACHABLE_CODE = YES;
				CLANG_WARN__DUPLICATE_METHOD_MATCH = YES;
				COPY_PHASE_STRIP = NO;
				DEBUG_INFORMATION_FORMAT = dwarf;
				DEVELOPMENT_TEAM = Q2WFR8D428;
				ENABLE_STRICT_OBJC_MSGSEND = YES;
				ENABLE_TESTABILITY = YES;
				ENABLE_USER_SCRIPT_SANDBOXING = YES;
				GCC_C_LANGUAGE_STANDARD = gnu17;
				GCC_DYNAMIC_NO_PIC = NO;
				GCC_NO_COMMON_BLOCKS = YES;
				GCC_OPTIMIZATION_LEVEL = 0;
				GCC_PREPROCESSOR_DEFINITIONS = (
					"DEBUG=1",
					"$(inherited)",
				);
				GCC_WARN_64_TO_32_BIT_CONVERSION = YES;
				GCC_WARN_ABOUT_RETURN_TYPE = YES_ERROR;
				GCC_WARN_UNDECLARED_SELECTOR = YES;
				GCC_WARN_UNINITIALIZED_AUTOS = YES_AGGRESSIVE;
				GCC_WARN_UNUSED_FUNCTION = YES;
				GCC_WARN_UNUSED_VARIABLE = YES;
				IPHONEOS_DEPLOYMENT_TARGET = 16.0;
				LOCALIZATION_PREFERS_STRING_CATALOGS = YES;
				MTL_ENABLE_DEBUG_INFO = INCLUDE_SOURCE;
				MTL_FAST_MATH = YES;
				ONLY_ACTIVE_ARCH = YES;
				SDKROOT = iphoneos;
				SWIFT_ACTIVE_COMPILATION_CONDITIONS = "DEBUG $(inherited)";
				SWIFT_OPTIMIZATION_LEVEL = "-Onone";
			};
			name = Debug;
		};
		0A780FBE2DF0528700F71F44 /* Release */ = {
			isa = XCBuildConfiguration;
			buildSettings = {
				ALWAYS_SEARCH_USER_PATHS = NO;
				ASSETCATALOG_COMPILER_GENERATE_SWIFT_ASSET_SYMBOL_EXTENSIONS = YES;
				CLANG_ANALYZER_NONNULL = YES;
				CLANG_ANALYZER_NUMBER_OBJECT_CONVERSION = YES_AGGRESSIVE;
				CLANG_CXX_LANGUAGE_STANDARD = "gnu++20";
				CLANG_ENABLE_MODULES = YES;
				CLANG_ENABLE_OBJC_ARC = YES;
				CLANG_ENABLE_OBJC_WEAK = YES;
				CLANG_WARN_BLOCK_CAPTURE_AUTORELEASING = YES;
				CLANG_WARN_BOOL_CONVERSION = YES;
				CLANG_WARN_COMMA = YES;
				CLANG_WARN_CONSTANT_CONVERSION = YES;
				CLANG_WARN_DEPRECATED_OBJC_IMPLEMENTATIONS = YES;
				CLANG_WARN_DIRECT_OBJC_ISA_USAGE = YES_ERROR;
				CLANG_WARN_DOCUMENTATION_COMMENTS = YES;
				CLANG_WARN_EMPTY_BODY = YES;
				CLANG_WARN_ENUM_CONVERSION = YES;
				CLANG_WARN_INFINITE_RECURSION = YES;
				CLANG_WARN_INT_CONVERSION = YES;
				CLANG_WARN_NON_LITERAL_NULL_CONVERSION = YES;
				CLANG_WARN_OBJC_IMPLICIT_RETAIN_SELF = YES;
				CLANG_WARN_OBJC_LITERAL_CONVERSION = YES;
				CLANG_WARN_OBJC_ROOT_CLASS = YES_ERROR;
				CLANG_WARN_QUOTED_INCLUDE_IN_FRAMEWORK_HEADER = YES;
				CLANG_WARN_RANGE_LOOP_ANALYSIS = YES;
				CLANG_WARN_STRICT_PROTOTYPES = YES;
				CLANG_WARN_SUSPICIOUS_MOVE = YES;
				CLANG_WARN_UNGUARDED_AVAILABILITY = YES_AGGRESSIVE;
				CLANG_WARN_UNREACHABLE_CODE = YES;
				CLANG_WARN__DUPLICATE_METHOD_MATCH = YES;
				COPY_PHASE_STRIP = NO;
				DEBUG_INFORMATION_FORMAT = "dwarf-with-dsym";
				DEVELOPMENT_TEAM = Q2WFR8D428;
				ENABLE_NS_ASSERTIONS = NO;
				ENABLE_STRICT_OBJC_MSGSEND = YES;
				ENABLE_USER_SCRIPT_SANDBOXING = YES;
				GCC_C_LANGUAGE_STANDARD = gnu17;
				GCC_NO_COMMON_BLOCKS = YES;
				GCC_WARN_64_TO_32_BIT_CONVERSION = YES;
				GCC_WARN_ABOUT_RETURN_TYPE = YES_ERROR;
				GCC_WARN_UNDECLARED_SELECTOR = YES;
				GCC_WARN_UNINITIALIZED_AUTOS = YES_AGGRESSIVE;
				GCC_WARN_UNUSED_FUNCTION = YES;
				GCC_WARN_UNUSED_VARIABLE = YES;
				IPHONEOS_DEPLOYMENT_TARGET = 16.0;
				LOCALIZATION_PREFERS_STRING_CATALOGS = YES;
				MTL_ENABLE_DEBUG_INFO = NO;
				MTL_FAST_MATH = YES;
				SDKROOT = iphoneos;
				SWIFT_COMPILATION_MODE = wholemodule;
				VALIDATE_PRODUCT = YES;
			};
			name = Release;
		};
		0A780FC02DF0528700F71F44 /* Debug */ = {
			isa = XCBuildConfiguration;
			buildSettings = {
				ASSETCATALOG_COMPILER_APPICON_NAME = AppIcon;
				ASSETCATALOG_COMPILER_GLOBAL_ACCENT_COLOR_NAME = AccentColor;
				CODE_SIGN_ENTITLEMENTS = FlashCard/FlashCardDebug.entitlements;
				CODE_SIGN_STYLE = Automatic;
				CURRENT_PROJECT_VERSION = 3;
				DEVELOPMENT_TEAM = 33JRS76UKD;
				ENABLE_PREVIEWS = YES;
				GENERATE_INFOPLIST_FILE = YES;
				INFOPLIST_KEY_CFBundleDisplayName = "Taal Trek";
				INFOPLIST_KEY_CFBundleDocumentTypes = "{\n    CFBundleTypeName = \"CSV File\";\n    CFBundleTypeRole = Editor;\n    LSHandlerRank = Default;\n    LSItemContentTypes =     (\n        \"public.comma-separated-values-text\",\n        \"public.plain-text\",\n        \"public.text\"\n    );\n}";
				INFOPLIST_KEY_LSApplicationCategoryType = "public.app-category.education";
				INFOPLIST_KEY_LSSupportsOpeningDocumentsInPlace = YES;
				INFOPLIST_KEY_NSCameraUsageDescription = "This app needs access to the camera to take photos of text and extract words for your flashcards. This allows you to quickly import vocabulary from books, signs, and other printed materials.";
				INFOPLIST_KEY_NSDocumentsFolderUsageDescription = "Access to Documents is needed to import and export your flashcard data";
				INFOPLIST_KEY_NSDownloadsFolderUsageDescription = "Access to Downloads is needed to import your flashcard data";
				INFOPLIST_KEY_NSFileProviderDomainUsageDescription = "Access is needed to manage your flashcard files across your devices";
				INFOPLIST_KEY_NSFileProviderPresenceUsageDescription = "Access is needed to import and manage your flashcard files";
				INFOPLIST_KEY_NSMicrophoneUsageDescription = "This app needs access to the microphone to record pronunciation for your flashcards. This helps you practice speaking and pronunciation of foreign words.";
				INFOPLIST_KEY_NSPhotoLibraryUsageDescription = "This app needs access to your photo library to select images containing text and extract words for your flashcards. This allows you to import vocabulary from photos you've already taken.";
				INFOPLIST_KEY_UIApplicationSceneManifest_Generation = YES;
				INFOPLIST_KEY_UIApplicationSupportsIndirectInputEvents = YES;
				INFOPLIST_KEY_UIFileSharingEnabled = YES;
				INFOPLIST_KEY_UILaunchScreen_Generation = YES;
				INFOPLIST_KEY_UISupportedInterfaceOrientations = "UIInterfaceOrientationPortrait UIInterfaceOrientationPortraitUpsideDown UIInterfaceOrientationLandscapeLeft UIInterfaceOrientationLandscapeRight";
				INFOPLIST_KEY_UISupportedInterfaceOrientations_iPad = "UIInterfaceOrientationPortrait UIInterfaceOrientationPortraitUpsideDown UIInterfaceOrientationLandscapeLeft UIInterfaceOrientationLandscapeRight";
				INFOPLIST_KEY_UISupportsDocumentBrowser = YES;
				LD_RUNPATH_SEARCH_PATHS = (
					"$(inherited)",
					"@executable_path/Frameworks",
				);
				MARKETING_VERSION = 3.1;
				PRODUCT_BUNDLE_IDENTIFIER = Dutch.FlashCard;
				PRODUCT_NAME = "$(TARGET_NAME)";
				SWIFT_ACTIVE_COMPILATION_CONDITIONS = "";
				SWIFT_EMIT_LOC_STRINGS = YES;
				SWIFT_VERSION = 5.0;
				TARGETED_DEVICE_FAMILY = "1,2";
			};
			name = Debug;
		};
		0A780FC12DF0528700F71F44 /* Release */ = {
			isa = XCBuildConfiguration;
			buildSettings = {
				ASSETCATALOG_COMPILER_APPICON_NAME = AppIcon;
				ASSETCATALOG_COMPILER_GLOBAL_ACCENT_COLOR_NAME = AccentColor;
				CODE_SIGN_ENTITLEMENTS = FlashCard/FlashCardRelease.entitlements;
				CODE_SIGN_STYLE = Automatic;
				CURRENT_PROJECT_VERSION = 3;
				DEVELOPMENT_TEAM = 33JRS76UKD;
				ENABLE_PREVIEWS = YES;
				GENERATE_INFOPLIST_FILE = YES;
				INFOPLIST_KEY_CFBundleDisplayName = "Taal Trek";
				INFOPLIST_KEY_CFBundleDocumentTypes = "{\n    CFBundleTypeName = \"CSV File\";\n    CFBundleTypeRole = Editor;\n    LSHandlerRank = Default;\n    LSItemContentTypes =     (\n        \"public.comma-separated-values-text\",\n        \"public.plain-text\",\n        \"public.text\"\n    );\n}";
				INFOPLIST_KEY_LSApplicationCategoryType = "public.app-category.education";
				INFOPLIST_KEY_LSSupportsOpeningDocumentsInPlace = YES;
				INFOPLIST_KEY_NSCameraUsageDescription = "This app needs access to the camera to take photos of text and extract words for your flashcards. This allows you to quickly import vocabulary from books, signs, and other printed materials.";
				INFOPLIST_KEY_NSDocumentsFolderUsageDescription = "Access to Documents is needed to import and export your flashcard data";
				INFOPLIST_KEY_NSDownloadsFolderUsageDescription = "Access to Downloads is needed to import your flashcard data";
				INFOPLIST_KEY_NSFileProviderDomainUsageDescription = "Access is needed to manage your flashcard files across your devices";
				INFOPLIST_KEY_NSFileProviderPresenceUsageDescription = "Access is needed to import and manage your flashcard files";
				INFOPLIST_KEY_NSMicrophoneUsageDescription = "This app needs access to the microphone to record pronunciation for your flashcards. This helps you practice speaking and pronunciation of foreign words.";
				INFOPLIST_KEY_NSPhotoLibraryUsageDescription = "This app needs access to your photo library to select images containing text and extract words for your flashcards. This allows you to import vocabulary from photos you've already taken.";
				INFOPLIST_KEY_UIApplicationSceneManifest_Generation = YES;
				INFOPLIST_KEY_UIApplicationSupportsIndirectInputEvents = YES;
				INFOPLIST_KEY_UIFileSharingEnabled = YES;
				INFOPLIST_KEY_UILaunchScreen_Generation = YES;
				INFOPLIST_KEY_UISupportedInterfaceOrientations = "UIInterfaceOrientationPortrait UIInterfaceOrientationPortraitUpsideDown UIInterfaceOrientationLandscapeLeft UIInterfaceOrientationLandscapeRight";
				INFOPLIST_KEY_UISupportedInterfaceOrientations_iPad = "UIInterfaceOrientationPortrait UIInterfaceOrientationPortraitUpsideDown UIInterfaceOrientationLandscapeLeft UIInterfaceOrientationLandscapeRight";
				INFOPLIST_KEY_UISupportsDocumentBrowser = YES;
				LD_RUNPATH_SEARCH_PATHS = (
					"$(inherited)",
					"@executable_path/Frameworks",
				);
				MARKETING_VERSION = 3.1;
				PRODUCT_BUNDLE_IDENTIFIER = Dutch.FlashCard;
				PRODUCT_NAME = "$(TARGET_NAME)";
				SWIFT_ACTIVE_COMPILATION_CONDITIONS = "";
				SWIFT_EMIT_LOC_STRINGS = YES;
				SWIFT_VERSION = 5.0;
				TARGETED_DEVICE_FAMILY = "1,2";
			};
			name = Release;
		};
		0A780FC32DF0528700F71F44 /* Debug */ = {
			isa = XCBuildConfiguration;
			buildSettings = {
				BUNDLE_LOADER = "$(TEST_HOST)";
				CODE_SIGN_STYLE = Automatic;
				CURRENT_PROJECT_VERSION = 1;
				DEVELOPMENT_TEAM = Q2WFR8D428;
				GENERATE_INFOPLIST_FILE = YES;
				IPHONEOS_DEPLOYMENT_TARGET = 16.0;
				MARKETING_VERSION = 1.0;
				PRODUCT_BUNDLE_IDENTIFIER = Dutch.FlashCardTests;
				PRODUCT_NAME = "$(TARGET_NAME)";
				SWIFT_ACTIVE_COMPILATION_CONDITIONS = LITE_VERSION;
				SWIFT_EMIT_LOC_STRINGS = NO;
				SWIFT_VERSION = 5.0;
				TARGETED_DEVICE_FAMILY = "1,2";
				TEST_HOST = "$(BUILT_PRODUCTS_DIR)/FlashCard.app/$(BUNDLE_EXECUTABLE_FOLDER_PATH)/FlashCard";
			};
			name = Debug;
		};
		0A780FC42DF0528700F71F44 /* Release */ = {
			isa = XCBuildConfiguration;
			buildSettings = {
				BUNDLE_LOADER = "$(TEST_HOST)";
				CODE_SIGN_STYLE = Automatic;
				CURRENT_PROJECT_VERSION = 1;
				DEVELOPMENT_TEAM = Q2WFR8D428;
				GENERATE_INFOPLIST_FILE = YES;
				IPHONEOS_DEPLOYMENT_TARGET = 16.0;
				MARKETING_VERSION = 1.0;
				PRODUCT_BUNDLE_IDENTIFIER = Dutch.FlashCardTests;
				PRODUCT_NAME = "$(TARGET_NAME)";
				SWIFT_ACTIVE_COMPILATION_CONDITIONS = LITE_VERSION;
				SWIFT_EMIT_LOC_STRINGS = NO;
				SWIFT_VERSION = 5.0;
				TARGETED_DEVICE_FAMILY = "1,2";
				TEST_HOST = "$(BUILT_PRODUCTS_DIR)/FlashCard.app/$(BUNDLE_EXECUTABLE_FOLDER_PATH)/FlashCard";
			};
			name = Release;
		};
		0A780FC62DF0528700F71F44 /* Debug */ = {
			isa = XCBuildConfiguration;
			buildSettings = {
				CODE_SIGN_STYLE = Automatic;
				CURRENT_PROJECT_VERSION = 1;
				DEVELOPMENT_TEAM = Q2WFR8D428;
				GENERATE_INFOPLIST_FILE = YES;
				MARKETING_VERSION = 1.0;
				PRODUCT_BUNDLE_IDENTIFIER = Dutch.FlashCardUITests;
				PRODUCT_NAME = "$(TARGET_NAME)";
				SWIFT_ACTIVE_COMPILATION_CONDITIONS = LITE_VERSION;
				SWIFT_EMIT_LOC_STRINGS = NO;
				SWIFT_VERSION = 5.0;
				TARGETED_DEVICE_FAMILY = "1,2";
				TEST_TARGET_NAME = FlashCard;
			};
			name = Debug;
		};
		0A780FC72DF0528700F71F44 /* Release */ = {
			isa = XCBuildConfiguration;
			buildSettings = {
				CODE_SIGN_STYLE = Automatic;
				CURRENT_PROJECT_VERSION = 1;
				DEVELOPMENT_TEAM = Q2WFR8D428;
				GENERATE_INFOPLIST_FILE = YES;
				MARKETING_VERSION = 1.0;
				PRODUCT_BUNDLE_IDENTIFIER = Dutch.FlashCardUITests;
				PRODUCT_NAME = "$(TARGET_NAME)";
				SWIFT_ACTIVE_COMPILATION_CONDITIONS = LITE_VERSION;
				SWIFT_EMIT_LOC_STRINGS = NO;
				SWIFT_VERSION = 5.0;
				TARGETED_DEVICE_FAMILY = "1,2";
				TEST_TARGET_NAME = FlashCard;
			};
			name = Release;
		};
		DC837CC32E21585A00F8A51E /* Debug */ = {
			isa = XCBuildConfiguration;
			buildSettings = {
				ASSETCATALOG_COMPILER_APPICON_NAME = AppIcon;
				ASSETCATALOG_COMPILER_GLOBAL_ACCENT_COLOR_NAME = AccentColor;
				CODE_SIGN_ENTITLEMENTS = FlashCard/FlashCardDebug.entitlements;
				CODE_SIGN_STYLE = Automatic;
				CURRENT_PROJECT_VERSION = 3;
				DEVELOPMENT_TEAM = 33JRS76UKD;
				ENABLE_PREVIEWS = YES;
				GENERATE_INFOPLIST_FILE = YES;
				INFOPLIST_KEY_CFBundleDisplayName = "Taal Trek Lite";
				INFOPLIST_KEY_CFBundleDocumentTypes = "{\n    CFBundleTypeName = \"CSV File\";\n    CFBundleTypeRole = Editor;\n    LSHandlerRank = Default;\n    LSItemContentTypes =     (\n        \"public.comma-separated-values-text\",\n        \"public.plain-text\",\n        \"public.text\"\n    );\n}";
				INFOPLIST_KEY_LSApplicationCategoryType = "public.app-category.education";
				INFOPLIST_KEY_LSSupportsOpeningDocumentsInPlace = YES;
				INFOPLIST_KEY_NSCameraUsageDescription = "This app needs access to the camera to take photos of text and extract words for your flashcards. This allows you to quickly import vocabulary from books, signs, and other printed materials.";
				INFOPLIST_KEY_NSDocumentsFolderUsageDescription = "Access to Documents is needed to import and export your flashcard data";
				INFOPLIST_KEY_NSDownloadsFolderUsageDescription = "Access to Downloads is needed to import your flashcard data";
				INFOPLIST_KEY_NSFileProviderDomainUsageDescription = "Access is needed to manage your flashcard files across your devices";
				INFOPLIST_KEY_NSFileProviderPresenceUsageDescription = "Access is needed to import and manage your flashcard files";
				INFOPLIST_KEY_NSMicrophoneUsageDescription = "This app needs access to the microphone to record pronunciation for your flashcards. This helps you practice speaking and pronunciation of foreign words.";
				INFOPLIST_KEY_NSPhotoLibraryUsageDescription = "This app needs access to your photo library to select images containing text and extract words for your flashcards. This allows you to import vocabulary from photos you've already taken.";
				INFOPLIST_KEY_UIApplicationSceneManifest_Generation = YES;
				INFOPLIST_KEY_UIApplicationSupportsIndirectInputEvents = YES;
				INFOPLIST_KEY_UIFileSharingEnabled = YES;
				INFOPLIST_KEY_UILaunchScreen_Generation = YES;
				INFOPLIST_KEY_UISupportedInterfaceOrientations = "UIInterfaceOrientationPortrait UIInterfaceOrientationPortraitUpsideDown UIInterfaceOrientationLandscapeLeft UIInterfaceOrientationLandscapeRight";
				INFOPLIST_KEY_UISupportedInterfaceOrientations_iPad = "UIInterfaceOrientationPortrait UIInterfaceOrientationPortraitUpsideDown UIInterfaceOrientationLandscapeLeft UIInterfaceOrientationLandscapeRight";
				INFOPLIST_KEY_UISupportsDocumentBrowser = YES;
				LD_RUNPATH_SEARCH_PATHS = (
					"$(inherited)",
					"@executable_path/Frameworks",
				);
				MARKETING_VERSION = 3.1;
				PRODUCT_BUNDLE_IDENTIFIER = Dutch.TaalTrekLite;
				PRODUCT_NAME = "$(TARGET_NAME)";
				SWIFT_ACTIVE_COMPILATION_CONDITIONS = "DEBUG LITE_VERSION";
				SWIFT_EMIT_LOC_STRINGS = YES;
				SWIFT_VERSION = 5.0;
				TARGETED_DEVICE_FAMILY = "1,2";
			};
			name = Debug;
		};
		DC837CC42E21585A00F8A51E /* Release */ = {
			isa = XCBuildConfiguration;
			buildSettings = {
				ASSETCATALOG_COMPILER_APPICON_NAME = AppIcon;
				ASSETCATALOG_COMPILER_GLOBAL_ACCENT_COLOR_NAME = AccentColor;
				CODE_SIGN_ENTITLEMENTS = FlashCard/FlashCardRelease.entitlements;
				CODE_SIGN_STYLE = Automatic;
				CURRENT_PROJECT_VERSION = 3;
				DEVELOPMENT_TEAM = 33JRS76UKD;
				ENABLE_PREVIEWS = YES;
				GENERATE_INFOPLIST_FILE = YES;
				INFOPLIST_KEY_CFBundleDisplayName = "Taal Trek Lite";
				INFOPLIST_KEY_CFBundleDocumentTypes = "{\n    CFBundleTypeName = \"CSV File\";\n    CFBundleTypeRole = Editor;\n    LSHandlerRank = Default;\n    LSItemContentTypes =     (\n        \"public.comma-separated-values-text\",\n        \"public.plain-text\",\n        \"public.text\"\n    );\n}";
				INFOPLIST_KEY_LSApplicationCategoryType = "public.app-category.education";
				INFOPLIST_KEY_LSSupportsOpeningDocumentsInPlace = YES;
				INFOPLIST_KEY_NSCameraUsageDescription = "This app needs access to the camera to take photos of text and extract words for your flashcards. This allows you to quickly import vocabulary from books, signs, and other printed materials.";
				INFOPLIST_KEY_NSDocumentsFolderUsageDescription = "Access to Documents is needed to import and export your flashcard data";
				INFOPLIST_KEY_NSDownloadsFolderUsageDescription = "Access to Downloads is needed to import your flashcard data";
				INFOPLIST_KEY_NSFileProviderDomainUsageDescription = "Access is needed to manage your flashcard files across your devices";
				INFOPLIST_KEY_NSFileProviderPresenceUsageDescription = "Access is needed to import and manage your flashcard files";
				INFOPLIST_KEY_NSMicrophoneUsageDescription = "This app needs access to the microphone to record pronunciation for your flashcards. This helps you practice speaking and pronunciation of foreign words.";
				INFOPLIST_KEY_NSPhotoLibraryUsageDescription = "This app needs access to your photo library to select images containing text and extract words for your flashcards. This allows you to import vocabulary from photos you've already taken.";
				INFOPLIST_KEY_UIApplicationSceneManifest_Generation = YES;
				INFOPLIST_KEY_UIApplicationSupportsIndirectInputEvents = YES;
				INFOPLIST_KEY_UIFileSharingEnabled = YES;
				INFOPLIST_KEY_UILaunchScreen_Generation = YES;
				INFOPLIST_KEY_UISupportedInterfaceOrientations = "UIInterfaceOrientationPortrait UIInterfaceOrientationPortraitUpsideDown UIInterfaceOrientationLandscapeLeft UIInterfaceOrientationLandscapeRight";
				INFOPLIST_KEY_UISupportedInterfaceOrientations_iPad = "UIInterfaceOrientationPortrait UIInterfaceOrientationPortraitUpsideDown UIInterfaceOrientationLandscapeLeft UIInterfaceOrientationLandscapeRight";
				INFOPLIST_KEY_UISupportsDocumentBrowser = YES;
				LD_RUNPATH_SEARCH_PATHS = (
					"$(inherited)",
					"@executable_path/Frameworks",
				);
				MARKETING_VERSION = 3.1;
				PRODUCT_BUNDLE_IDENTIFIER = "Taal-Trek-Lite";
				PRODUCT_NAME = "$(TARGET_NAME)";
				SWIFT_ACTIVE_COMPILATION_CONDITIONS = LITE_VERSION;
				SWIFT_EMIT_LOC_STRINGS = YES;
				SWIFT_VERSION = 5.0;
				TARGETED_DEVICE_FAMILY = "1,2";
			};
			name = Release;
		};
/* End XCBuildConfiguration section */

/* Begin XCConfigurationList section */
		0A780F992DF0528600F71F44 /* Build configuration list for PBXProject "FlashCard" */ = {
			isa = XCConfigurationList;
			buildConfigurations = (
				0A780FBD2DF0528700F71F44 /* Debug */,
				0A780FBE2DF0528700F71F44 /* Release */,
			);
			defaultConfigurationIsVisible = 0;
			defaultConfigurationName = Release;
		};
		0A780FBF2DF0528700F71F44 /* Build configuration list for PBXNativeTarget "FlashCard" */ = {
			isa = XCConfigurationList;
			buildConfigurations = (
				0A780FC02DF0528700F71F44 /* Debug */,
				0A780FC12DF0528700F71F44 /* Release */,
			);
			defaultConfigurationIsVisible = 0;
			defaultConfigurationName = Release;
		};
		0A780FC22DF0528700F71F44 /* Build configuration list for PBXNativeTarget "FlashCardTests" */ = {
			isa = XCConfigurationList;
			buildConfigurations = (
				0A780FC32DF0528700F71F44 /* Debug */,
				0A780FC42DF0528700F71F44 /* Release */,
			);
			defaultConfigurationIsVisible = 0;
			defaultConfigurationName = Release;
		};
		0A780FC52DF0528700F71F44 /* Build configuration list for PBXNativeTarget "FlashCardUITests" */ = {
			isa = XCConfigurationList;
			buildConfigurations = (
				0A780FC62DF0528700F71F44 /* Debug */,
				0A780FC72DF0528700F71F44 /* Release */,
			);
			defaultConfigurationIsVisible = 0;
			defaultConfigurationName = Release;
		};
		DC837CC22E21585A00F8A51E /* Build configuration list for PBXNativeTarget "Taal Trek Lite" */ = {
			isa = XCConfigurationList;
			buildConfigurations = (
				DC837CC32E21585A00F8A51E /* Debug */,
				DC837CC42E21585A00F8A51E /* Release */,
			);
			defaultConfigurationIsVisible = 0;
			defaultConfigurationName = Release;
		};
/* End XCConfigurationList section */
	};
	rootObject = 0A780F962DF0528600F71F44 /* Project object */;
}
